
Microsoft Visual Studio Solution File, Format Version 12.00
# Visual Studio 15
VisualStudioVersion = 15.0.27130.2027
MinimumVisualStudioVersion = 10.0.40219.1
Project("{FAE04EC0-301F-11D3-BF4B-00C04F79EFBC}") = "HelloWorld.ConsoleApp", "HelloWorld.ConsoleApp\HelloWorld.ConsoleApp.csproj", "{67EB3C30-F885-4C4E-809D-3F0D471506C5}"
EndProject
Global
	GlobalSection(SolutionConfigurationPlatforms) = preSolution
		Debug|Any CPU = Debug|Any CPU
		Release|Any CPU = Release|Any CPU
	EndGlobalSection
	GlobalSection(ProjectConfigurationPlatforms) = postSolution
		{67EB3C30-F885-4C4E-809D-3F0D471506C5}.Debug|Any CPU.ActiveCfg = Debug|Any CPU
		{67EB3C30-F885-4C4E-809D-3F0D471506C5}.Debug|Any CPU.Build.0 = Debug|Any CPU
		{67EB3C30-F885-4C4E-809D-3F0D471506C5}.Release|Any CPU.ActiveCfg = Release|Any CPU
		{67EB3C30-F885-4C4E-809D-3F0D471506C5}.Release|Any CPU.Build.0 = Release|Any CPU
	EndGlobalSection
	GlobalSection(SolutionProperties) = preSolution
		HideSolutionNode = FALSE
	EndGlobalSection
	GlobalSection(ExtensibilityGlobals) = postSolution
		SolutionGuid = {22BCA529-9272-4318-A170-F22F426E563F}
	EndGlobalSection
EndGlobal
